github.com/EspressoTrip-v2/concept-go-common v1.0.15 h1:Eyg4oStHvSUJxUqJ47XZYBTxSLcqI+qZl0hQz15YFjU=
github.com/EspressoTrip-v2/concept-go-common v1.0.15/go.mod h1:pPqcIwosT609yJPqsTiX4r/cSR75R79tvcetnLQV+EM=
github.com/streadway/amqp v1.0.0 h1:kuuDrUJFZL1QYL9hUNuCxNObNzB0bV/ZG5jV3RWAQgo=
github.com/streadway/amqp v1.0.0/go.mod h1:AZpEONHx3DKn8O/DFsRAY58/XVQiIPMTMB1SddzLXVw=
